// !$*UTF8*$!
{
	archiveVersion = 1;
	classes = {
	};
	objectVersion = 46;
	objects = {

/* Begin PBXBuildFile section */
		2A4159BFB7F0BB5CB61DA6CF /* Pods_DonationApp.framework in Frameworks */ = {isa = PBXBuildFile; fileRef = B12EEC0A9957097DF9861FA7 /* Pods_DonationApp.framework */; };
		4334B29D1F049FB1002970EA /* HeaderCollectionReusableView.m in Sources */ = {isa = PBXBuildFile; fileRef = 4334B29C1F049FB1002970EA /* HeaderCollectionReusableView.m */; };
		43713D061F03142A00F93808 /* WelcomeScreens.storyboard in Resources */ = {isa = PBXBuildFile; fileRef = 43713D051F03142A00F93808 /* WelcomeScreens.storyboard */; };
		438AD8B01F03172500CE5E20 /* WelcomeOnboarding.swift in Sources */ = {isa = PBXBuildFile; fileRef = 438AD8AF1F03172500CE5E20 /* WelcomeOnboarding.swift */; };
		438CF0E01F01C26100A79300 /* User.m in Sources */ = {isa = PBXBuildFile; fileRef = 438CF0DF1F01C26100A79300 /* User.m */; };
		438CF0E31F01C2A000A79300 /* Item.m in Sources */ = {isa = PBXBuildFile; fileRef = 438CF0E21F01C2A000A79300 /* Item.m */; };
		438CF0E51F01CEDE00A79300 /* ListItems.storyboard in Resources */ = {isa = PBXBuildFile; fileRef = 438CF0E41F01CEDE00A79300 /* ListItems.storyboard */; };
		438CF0E81F01CF6600A79300 /* ShowAllItemsViewController.m in Sources */ = {isa = PBXBuildFile; fileRef = 438CF0E71F01CF6600A79300 /* ShowAllItemsViewController.m */; };
		438CF0EB1F01CFB700A79300 /* ListItemsCollectionViewCell.m in Sources */ = {isa = PBXBuildFile; fileRef = 438CF0EA1F01CFB700A79300 /* ListItemsCollectionViewCell.m */; };
		438CF0EE1F02DCF600A79300 /* ListItemDetailedViewController.m in Sources */ = {isa = PBXBuildFile; fileRef = 438CF0ED1F02DCF600A79300 /* ListItemDetailedViewController.m */; };
		43AD4F1D1F01928600D5FACC /* main.m in Sources */ = {isa = PBXBuildFile; fileRef = 43AD4F1C1F01928600D5FACC /* main.m */; };
		43AD4F201F01928600D5FACC /* AppDelegate.m in Sources */ = {isa = PBXBuildFile; fileRef = 43AD4F1F1F01928600D5FACC /* AppDelegate.m */; };
		43AD4F231F01928600D5FACC /* ViewController.m in Sources */ = {isa = PBXBuildFile; fileRef = 43AD4F221F01928600D5FACC /* ViewController.m */; };
		43AD4F261F01928600D5FACC /* Main.storyboard in Resources */ = {isa = PBXBuildFile; fileRef = 43AD4F241F01928600D5FACC /* Main.storyboard */; };
		43AD4F281F01928600D5FACC /* Assets.xcassets in Resources */ = {isa = PBXBuildFile; fileRef = 43AD4F271F01928600D5FACC /* Assets.xcassets */; };
		43AD4F2B1F01928600D5FACC /* LaunchScreen.storyboard in Resources */ = {isa = PBXBuildFile; fileRef = 43AD4F291F01928600D5FACC /* LaunchScreen.storyboard */; };
		9C6D63D71F019C7200ED78F0 /* GoogleService-Info.plist in Resources */ = {isa = PBXBuildFile; fileRef = 9C6D63D61F019C7200ED78F0 /* GoogleService-Info.plist */; };
		9C6D63E11F01CF5700ED78F0 /* UserItems.storyboard in Resources */ = {isa = PBXBuildFile; fileRef = 9C6D63E01F01CF5700ED78F0 /* UserItems.storyboard */; };
		9C6D63E41F01CF9F00ED78F0 /* ListItemsViewController.m in Sources */ = {isa = PBXBuildFile; fileRef = 9C6D63E31F01CF9F00ED78F0 /* ListItemsViewController.m */; };
		9C6D63E81F01D30400ED78F0 /* ItemTableViewCell.m in Sources */ = {isa = PBXBuildFile; fileRef = 9C6D63E71F01D30400ED78F0 /* ItemTableViewCell.m */; };
		9C6D63EB1F01EEDA00ED78F0 /* AddItemViewController.m in Sources */ = {isa = PBXBuildFile; fileRef = 9C6D63EA1F01EEDA00ED78F0 /* AddItemViewController.m */; };
		9C6D63EE1F01F09C00ED78F0 /* SelectCategoryViewController.m in Sources */ = {isa = PBXBuildFile; fileRef = 9C6D63ED1F01F09C00ED78F0 /* SelectCategoryViewController.m */; };
		9C6D63F01F01FDB000ED78F0 /* MapKit.framework in Frameworks */ = {isa = PBXBuildFile; fileRef = 9C6D63EF1F01FDB000ED78F0 /* MapKit.framework */; };
/* End PBXBuildFile section */

/* Begin PBXFileReference section */
		058D672DC9CA9927D7AAEF54 /* Pods-DonationApp.debug.xcconfig */ = {isa = PBXFileReference; includeInIndex = 1; lastKnownFileType = text.xcconfig; name = "Pods-DonationApp.debug.xcconfig"; path = "Pods/Target Support Files/Pods-DonationApp/Pods-DonationApp.debug.xcconfig"; sourceTree = "<group>"; };
		4334B29B1F049FB1002970EA /* HeaderCollectionReusableView.h */ = {isa = PBXFileReference; fileEncoding = 4; lastKnownFileType = sourcecode.c.h; path = HeaderCollectionReusableView.h; sourceTree = "<group>"; };
		4334B29C1F049FB1002970EA /* HeaderCollectionReusableView.m */ = {isa = PBXFileReference; fileEncoding = 4; lastKnownFileType = sourcecode.c.objc; path = HeaderCollectionReusableView.m; sourceTree = "<group>"; };
		43713D051F03142A00F93808 /* WelcomeScreens.storyboard */ = {isa = PBXFileReference; fileEncoding = 4; lastKnownFileType = file.storyboard; path = WelcomeScreens.storyboard; sourceTree = "<group>"; };
		438AD8AF1F03172500CE5E20 /* WelcomeOnboarding.swift */ = {isa = PBXFileReference; fileEncoding = 4; lastKnownFileType = sourcecode.swift; path = WelcomeOnboarding.swift; sourceTree = "<group>"; };
		438CF0DE1F01C26100A79300 /* User.h */ = {isa = PBXFileReference; fileEncoding = 4; lastKnownFileType = sourcecode.c.h; path = User.h; sourceTree = "<group>"; };
		438CF0DF1F01C26100A79300 /* User.m */ = {isa = PBXFileReference; fileEncoding = 4; lastKnownFileType = sourcecode.c.objc; path = User.m; sourceTree = "<group>"; };
		438CF0E11F01C2A000A79300 /* Item.h */ = {isa = PBXFileReference; fileEncoding = 4; lastKnownFileType = sourcecode.c.h; path = Item.h; sourceTree = "<group>"; };
		438CF0E21F01C2A000A79300 /* Item.m */ = {isa = PBXFileReference; fileEncoding = 4; lastKnownFileType = sourcecode.c.objc; path = Item.m; sourceTree = "<group>"; };
		438CF0E41F01CEDE00A79300 /* ListItems.storyboard */ = {isa = PBXFileReference; fileEncoding = 4; lastKnownFileType = file.storyboard; path = ListItems.storyboard; sourceTree = "<group>"; };
		438CF0E61F01CF6600A79300 /* ShowAllItemsViewController.h */ = {isa = PBXFileReference; fileEncoding = 4; lastKnownFileType = sourcecode.c.h; path = ShowAllItemsViewController.h; sourceTree = "<group>"; };
		438CF0E71F01CF6600A79300 /* ShowAllItemsViewController.m */ = {isa = PBXFileReference; fileEncoding = 4; lastKnownFileType = sourcecode.c.objc; path = ShowAllItemsViewController.m; sourceTree = "<group>"; };
		438CF0E91F01CFB700A79300 /* ListItemsCollectionViewCell.h */ = {isa = PBXFileReference; fileEncoding = 4; lastKnownFileType = sourcecode.c.h; path = ListItemsCollectionViewCell.h; sourceTree = "<group>"; };
		438CF0EA1F01CFB700A79300 /* ListItemsCollectionViewCell.m */ = {isa = PBXFileReference; fileEncoding = 4; lastKnownFileType = sourcecode.c.objc; path = ListItemsCollectionViewCell.m; sourceTree = "<group>"; };
		438CF0EC1F02DCF600A79300 /* ListItemDetailedViewController.h */ = {isa = PBXFileReference; fileEncoding = 4; lastKnownFileType = sourcecode.c.h; path = ListItemDetailedViewController.h; sourceTree = "<group>"; };
		438CF0ED1F02DCF600A79300 /* ListItemDetailedViewController.m */ = {isa = PBXFileReference; fileEncoding = 4; lastKnownFileType = sourcecode.c.objc; path = ListItemDetailedViewController.m; sourceTree = "<group>"; };
		43AD4F181F01928600D5FACC /* DonationApp.app */ = {isa = PBXFileReference; explicitFileType = wrapper.application; includeInIndex = 0; path = DonationApp.app; sourceTree = BUILT_PRODUCTS_DIR; };
		43AD4F1C1F01928600D5FACC /* main.m */ = {isa = PBXFileReference; lastKnownFileType = sourcecode.c.objc; path = main.m; sourceTree = "<group>"; };
		43AD4F1E1F01928600D5FACC /* AppDelegate.h */ = {isa = PBXFileReference; lastKnownFileType = sourcecode.c.h; path = AppDelegate.h; sourceTree = "<group>"; };
		43AD4F1F1F01928600D5FACC /* AppDelegate.m */ = {isa = PBXFileReference; lastKnownFileType = sourcecode.c.objc; path = AppDelegate.m; sourceTree = "<group>"; };
		43AD4F211F01928600D5FACC /* ViewController.h */ = {isa = PBXFileReference; lastKnownFileType = sourcecode.c.h; path = ViewController.h; sourceTree = "<group>"; };
		43AD4F221F01928600D5FACC /* ViewController.m */ = {isa = PBXFileReference; lastKnownFileType = sourcecode.c.objc; path = ViewController.m; sourceTree = "<group>"; };
		43AD4F251F01928600D5FACC /* Base */ = {isa = PBXFileReference; lastKnownFileType = file.storyboard; name = Base; path = Base.lproj/Main.storyboard; sourceTree = "<group>"; };
		43AD4F271F01928600D5FACC /* Assets.xcassets */ = {isa = PBXFileReference; lastKnownFileType = folder.assetcatalog; path = Assets.xcassets; sourceTree = "<group>"; };
		43AD4F2A1F01928600D5FACC /* Base */ = {isa = PBXFileReference; lastKnownFileType = file.storyboard; name = Base; path = Base.lproj/LaunchScreen.storyboard; sourceTree = "<group>"; };
		43AD4F2C1F01928600D5FACC /* Info.plist */ = {isa = PBXFileReference; lastKnownFileType = text.plist.xml; path = Info.plist; sourceTree = "<group>"; };
		9C6D63D61F019C7200ED78F0 /* GoogleService-Info.plist */ = {isa = PBXFileReference; fileEncoding = 4; lastKnownFileType = text.plist.xml; path = "GoogleService-Info.plist"; sourceTree = "<group>"; };
		9C6D63E01F01CF5700ED78F0 /* UserItems.storyboard */ = {isa = PBXFileReference; fileEncoding = 4; lastKnownFileType = file.storyboard; path = UserItems.storyboard; sourceTree = "<group>"; };
		9C6D63E21F01CF9F00ED78F0 /* ListItemsViewController.h */ = {isa = PBXFileReference; fileEncoding = 4; lastKnownFileType = sourcecode.c.h; path = ListItemsViewController.h; sourceTree = "<group>"; };
		9C6D63E31F01CF9F00ED78F0 /* ListItemsViewController.m */ = {isa = PBXFileReference; fileEncoding = 4; lastKnownFileType = sourcecode.c.objc; path = ListItemsViewController.m; sourceTree = "<group>"; };
		9C6D63E61F01D30400ED78F0 /* ItemTableViewCell.h */ = {isa = PBXFileReference; fileEncoding = 4; lastKnownFileType = sourcecode.c.h; path = ItemTableViewCell.h; sourceTree = "<group>"; };
		9C6D63E71F01D30400ED78F0 /* ItemTableViewCell.m */ = {isa = PBXFileReference; fileEncoding = 4; lastKnownFileType = sourcecode.c.objc; path = ItemTableViewCell.m; sourceTree = "<group>"; };
		9C6D63E91F01EEDA00ED78F0 /* AddItemViewController.h */ = {isa = PBXFileReference; fileEncoding = 4; lastKnownFileType = sourcecode.c.h; path = AddItemViewController.h; sourceTree = "<group>"; };
		9C6D63EA1F01EEDA00ED78F0 /* AddItemViewController.m */ = {isa = PBXFileReference; fileEncoding = 4; lastKnownFileType = sourcecode.c.objc; path = AddItemViewController.m; sourceTree = "<group>"; };
		9C6D63EC1F01F09C00ED78F0 /* SelectCategoryViewController.h */ = {isa = PBXFileReference; fileEncoding = 4; lastKnownFileType = sourcecode.c.h; path = SelectCategoryViewController.h; sourceTree = "<group>"; };
		9C6D63ED1F01F09C00ED78F0 /* SelectCategoryViewController.m */ = {isa = PBXFileReference; fileEncoding = 4; lastKnownFileType = sourcecode.c.objc; path = SelectCategoryViewController.m; sourceTree = "<group>"; };
		9C6D63EF1F01FDB000ED78F0 /* MapKit.framework */ = {isa = PBXFileReference; lastKnownFileType = wrapper.framework; name = MapKit.framework; path = System/Library/Frameworks/MapKit.framework; sourceTree = SDKROOT; };
		A6C654A78E9F27A48CE9B1FB /* Pods-DonationApp.release.xcconfig */ = {isa = PBXFileReference; includeInIndex = 1; lastKnownFileType = text.xcconfig; name = "Pods-DonationApp.release.xcconfig"; path = "Pods/Target Support Files/Pods-DonationApp/Pods-DonationApp.release.xcconfig"; sourceTree = "<group>"; };
		B12EEC0A9957097DF9861FA7 /* Pods_DonationApp.framework */ = {isa = PBXFileReference; explicitFileType = wrapper.framework; includeInIndex = 0; path = Pods_DonationApp.framework; sourceTree = BUILT_PRODUCTS_DIR; };
/* End PBXFileReference section */

/* Begin PBXFrameworksBuildPhase section */
		43AD4F151F01928600D5FACC /* Frameworks */ = {
			isa = PBXFrameworksBuildPhase;
			buildActionMask = 2147483647;
			files = (
				9C6D63F01F01FDB000ED78F0 /* MapKit.framework in Frameworks */,
				2A4159BFB7F0BB5CB61DA6CF /* Pods_DonationApp.framework in Frameworks */,
			);
			runOnlyForDeploymentPostprocessing = 0;
		};
/* End PBXFrameworksBuildPhase section */

/* Begin PBXGroup section */
		3ACC8D93C1652B5D72F1F762 /* Pods */ = {
			isa = PBXGroup;
			children = (
				058D672DC9CA9927D7AAEF54 /* Pods-DonationApp.debug.xcconfig */,
				A6C654A78E9F27A48CE9B1FB /* Pods-DonationApp.release.xcconfig */,
			);
			name = Pods;
			sourceTree = "<group>";
		};
		3D082D610184B58EE925C48B /* Frameworks */ = {
			isa = PBXGroup;
			children = (
				9C6D63EF1F01FDB000ED78F0 /* MapKit.framework */,
				B12EEC0A9957097DF9861FA7 /* Pods_DonationApp.framework */,
			);
			name = Frameworks;
			sourceTree = "<group>";
		};
		43713D041F03141600F93808 /* Welcome Screens */ = {
			isa = PBXGroup;
			children = (
				43713D051F03142A00F93808 /* WelcomeScreens.storyboard */,
				438AD8AF1F03172500CE5E20 /* WelcomeOnboarding.swift */,
			);
			name = "Welcome Screens";
			sourceTree = "<group>";
		};
		43AD4F0F1F01928600D5FACC = {
			isa = PBXGroup;
			children = (
				43AD4F1A1F01928600D5FACC /* DonationApp */,
				43AD4F191F01928600D5FACC /* Products */,
				3ACC8D93C1652B5D72F1F762 /* Pods */,
				3D082D610184B58EE925C48B /* Frameworks */,
			);
			sourceTree = "<group>";
		};
		43AD4F191F01928600D5FACC /* Products */ = {
			isa = PBXGroup;
			children = (
				43AD4F181F01928600D5FACC /* DonationApp.app */,
			);
			name = Products;
			sourceTree = "<group>";
		};
		43AD4F1A1F01928600D5FACC /* DonationApp */ = {
			isa = PBXGroup;
			children = (
				43713D041F03141600F93808 /* Welcome Screens */,
				9C6D63D61F019C7200ED78F0 /* GoogleService-Info.plist */,
				43AD4F1E1F01928600D5FACC /* AppDelegate.h */,
				43AD4F1F1F01928600D5FACC /* AppDelegate.m */,
				43AD4F211F01928600D5FACC /* ViewController.h */,
				43AD4F221F01928600D5FACC /* ViewController.m */,
				43AD4F241F01928600D5FACC /* Main.storyboard */,
				43AD4F271F01928600D5FACC /* Assets.xcassets */,
				43AD4F291F01928600D5FACC /* LaunchScreen.storyboard */,
				43AD4F2C1F01928600D5FACC /* Info.plist */,
				43AD4F1B1F01928600D5FACC /* Supporting Files */,
				438CF0DE1F01C26100A79300 /* User.h */,
				438CF0DF1F01C26100A79300 /* User.m */,
				438CF0E11F01C2A000A79300 /* Item.h */,
				438CF0E21F01C2A000A79300 /* Item.m */,
				9C6D63E51F01CFA400ED78F0 /* UserItems */,
				438CF0E41F01CEDE00A79300 /* ListItems.storyboard */,
				4334B29B1F049FB1002970EA /* HeaderCollectionReusableView.h */,
				4334B29C1F049FB1002970EA /* HeaderCollectionReusableView.m */,
				438CF0EC1F02DCF600A79300 /* ListItemDetailedViewController.h */,
				438CF0ED1F02DCF600A79300 /* ListItemDetailedViewController.m */,
				438CF0E61F01CF6600A79300 /* ShowAllItemsViewController.h */,
				438CF0E71F01CF6600A79300 /* ShowAllItemsViewController.m */,
				438CF0E91F01CFB700A79300 /* ListItemsCollectionViewCell.h */,
				438CF0EA1F01CFB700A79300 /* ListItemsCollectionViewCell.m */,
			);
			path = DonationApp;
			sourceTree = "<group>";
		};
		43AD4F1B1F01928600D5FACC /* Supporting Files */ = {
			isa = PBXGroup;
			children = (
				43AD4F1C1F01928600D5FACC /* main.m */,
			);
			name = "Supporting Files";
			sourceTree = "<group>";
		};
		9C6D63E51F01CFA400ED78F0 /* UserItems */ = {
			isa = PBXGroup;
			children = (
				9C6D63E01F01CF5700ED78F0 /* UserItems.storyboard */,
				9C6D63E61F01D30400ED78F0 /* ItemTableViewCell.h */,
				9C6D63E71F01D30400ED78F0 /* ItemTableViewCell.m */,
				9C6D63E21F01CF9F00ED78F0 /* ListItemsViewController.h */,
				9C6D63E31F01CF9F00ED78F0 /* ListItemsViewController.m */,
				9C6D63E91F01EEDA00ED78F0 /* AddItemViewController.h */,
				9C6D63EA1F01EEDA00ED78F0 /* AddItemViewController.m */,
				9C6D63EC1F01F09C00ED78F0 /* SelectCategoryViewController.h */,
				9C6D63ED1F01F09C00ED78F0 /* SelectCategoryViewController.m */,
			);
			name = UserItems;
			sourceTree = "<group>";
		};
/* End PBXGroup section */

/* Begin PBXNativeTarget section */
		43AD4F171F01928600D5FACC /* DonationApp */ = {
			isa = PBXNativeTarget;
			buildConfigurationList = 43AD4F2F1F01928600D5FACC /* Build configuration list for PBXNativeTarget "DonationApp" */;
			buildPhases = (
				205496A7070BC8B6B2E5A238 /* [CP] Check Pods Manifest.lock */,
				43AD4F141F01928600D5FACC /* Sources */,
				43AD4F151F01928600D5FACC /* Frameworks */,
				43AD4F161F01928600D5FACC /* Resources */,
				DE41F025993A8394E69053A8 /* [CP] Embed Pods Frameworks */,
				7976007AA68E6C47B0A3AF44 /* [CP] Copy Pods Resources */,
			);
			buildRules = (
			);
			dependencies = (
			);
			name = DonationApp;
			productName = DonationApp;
			productReference = 43AD4F181F01928600D5FACC /* DonationApp.app */;
			productType = "com.apple.product-type.application";
		};
/* End PBXNativeTarget section */

/* Begin PBXProject section */
		43AD4F101F01928600D5FACC /* Project object */ = {
			isa = PBXProject;
			attributes = {
				LastUpgradeCheck = 0830;
				ORGANIZATIONNAME = "Alex Lee";
				TargetAttributes = {
					43AD4F171F01928600D5FACC = {
						CreatedOnToolsVersion = 8.3.3;
						DevelopmentTeam = FJL385PM79;
						LastSwiftMigration = 0830;
						ProvisioningStyle = Automatic;
						SystemCapabilities = {
							com.apple.Maps.iOS = {
								enabled = 1;
							};
						};
					};
				};
			};
			buildConfigurationList = 43AD4F131F01928600D5FACC /* Build configuration list for PBXProject "DonationApp" */;
			compatibilityVersion = "Xcode 3.2";
			developmentRegion = English;
			hasScannedForEncodings = 0;
			knownRegions = (
				en,
				Base,
			);
			mainGroup = 43AD4F0F1F01928600D5FACC;
			productRefGroup = 43AD4F191F01928600D5FACC /* Products */;
			projectDirPath = "";
			projectRoot = "";
			targets = (
				43AD4F171F01928600D5FACC /* DonationApp */,
			);
		};
/* End PBXProject section */

/* Begin PBXResourcesBuildPhase section */
		43AD4F161F01928600D5FACC /* Resources */ = {
			isa = PBXResourcesBuildPhase;
			buildActionMask = 2147483647;
			files = (
				43713D061F03142A00F93808 /* WelcomeScreens.storyboard in Resources */,
				43AD4F2B1F01928600D5FACC /* LaunchScreen.storyboard in Resources */,
				9C6D63D71F019C7200ED78F0 /* GoogleService-Info.plist in Resources */,
				43AD4F281F01928600D5FACC /* Assets.xcassets in Resources */,
				438CF0E51F01CEDE00A79300 /* ListItems.storyboard in Resources */,
				43AD4F261F01928600D5FACC /* Main.storyboard in Resources */,
				9C6D63E11F01CF5700ED78F0 /* UserItems.storyboard in Resources */,
			);
			runOnlyForDeploymentPostprocessing = 0;
		};
/* End PBXResourcesBuildPhase section */

/* Begin PBXShellScriptBuildPhase section */
		205496A7070BC8B6B2E5A238 /* [CP] Check Pods Manifest.lock */ = {
			isa = PBXShellScriptBuildPhase;
			buildActionMask = 2147483647;
			files = (
			);
			inputPaths = (
			);
			name = "[CP] Check Pods Manifest.lock";
			outputPaths = (
			);
			runOnlyForDeploymentPostprocessing = 0;
			shellPath = /bin/sh;
			shellScript = "diff \"${PODS_PODFILE_DIR_PATH}/Podfile.lock\" \"${PODS_ROOT}/Manifest.lock\" > /dev/null\nif [ $? != 0 ] ; then\n    # print error to STDERR\n    echo \"error: The sandbox is not in sync with the Podfile.lock. Run 'pod install' or update your CocoaPods installation.\" >&2\n    exit 1\nfi\n";
			showEnvVarsInLog = 0;
		};
		7976007AA68E6C47B0A3AF44 /* [CP] Copy Pods Resources */ = {
			isa = PBXShellScriptBuildPhase;
			buildActionMask = 2147483647;
			files = (
			);
			inputPaths = (
			);
			name = "[CP] Copy Pods Resources";
			outputPaths = (
			);
			runOnlyForDeploymentPostprocessing = 0;
			shellPath = /bin/sh;
			shellScript = "\"${SRCROOT}/Pods/Target Support Files/Pods-DonationApp/Pods-DonationApp-resources.sh\"\n";
			showEnvVarsInLog = 0;
		};
		DE41F025993A8394E69053A8 /* [CP] Embed Pods Frameworks */ = {
			isa = PBXShellScriptBuildPhase;
			buildActionMask = 2147483647;
			files = (
			);
			inputPaths = (
			);
			name = "[CP] Embed Pods Frameworks";
			outputPaths = (
			);
			runOnlyForDeploymentPostprocessing = 0;
			shellPath = /bin/sh;
			shellScript = "\"${SRCROOT}/Pods/Target Support Files/Pods-DonationApp/Pods-DonationApp-frameworks.sh\"\n";
			showEnvVarsInLog = 0;
		};
/* End PBXShellScriptBuildPhase section */

/* Begin PBXSourcesBuildPhase section */
		43AD4F141F01928600D5FACC /* Sources */ = {
			isa = PBXSourcesBuildPhase;
			buildActionMask = 2147483647;
			files = (
				438CF0EB1F01CFB700A79300 /* ListItemsCollectionViewCell.m in Sources */,
				438CF0E31F01C2A000A79300 /* Item.m in Sources */,
				9C6D63EB1F01EEDA00ED78F0 /* AddItemViewController.m in Sources */,
				9C6D63E41F01CF9F00ED78F0 /* ListItemsViewController.m in Sources */,
				438AD8B01F03172500CE5E20 /* WelcomeOnboarding.swift in Sources */,
				438CF0EE1F02DCF600A79300 /* ListItemDetailedViewController.m in Sources */,
				438CF0E81F01CF6600A79300 /* ShowAllItemsViewController.m in Sources */,
				438CF0E01F01C26100A79300 /* User.m in Sources */,
				4334B29D1F049FB1002970EA /* HeaderCollectionReusableView.m in Sources */,
				43AD4F231F01928600D5FACC /* ViewController.m in Sources */,
				43AD4F201F01928600D5FACC /* AppDelegate.m in Sources */,
				9C6D63E81F01D30400ED78F0 /* ItemTableViewCell.m in Sources */,
				9C6D63EE1F01F09C00ED78F0 /* SelectCategoryViewController.m in Sources */,
				43AD4F1D1F01928600D5FACC /* main.m in Sources */,
			);
			runOnlyForDeploymentPostprocessing = 0;
		};
/* End PBXSourcesBuildPhase section */

/* Begin PBXVariantGroup section */
		43AD4F241F01928600D5FACC /* Main.storyboard */ = {
			isa = PBXVariantGroup;
			children = (
				43AD4F251F01928600D5FACC /* Base */,
			);
			name = Main.storyboard;
			sourceTree = "<group>";
		};
		43AD4F291F01928600D5FACC /* LaunchScreen.storyboard */ = {
			isa = PBXVariantGroup;
			children = (
				43AD4F2A1F01928600D5FACC /* Base */,
			);
			name = LaunchScreen.storyboard;
			sourceTree = "<group>";
		};
/* End PBXVariantGroup section */

/* Begin XCBuildConfiguration section */
		43AD4F2D1F01928600D5FACC /* Debug */ = {
			isa = XCBuildConfiguration;
			buildSettings = {
				ALWAYS_SEARCH_USER_PATHS = NO;
				CLANG_ANALYZER_NONNULL = YES;
				CLANG_ANALYZER_NUMBER_OBJECT_CONVERSION = YES_AGGRESSIVE;
				CLANG_CXX_LANGUAGE_STANDARD = "gnu++0x";
				CLANG_CXX_LIBRARY = "libc++";
				CLANG_ENABLE_MODULES = YES;
				CLANG_ENABLE_OBJC_ARC = YES;
				CLANG_WARN_BOOL_CONVERSION = YES;
				CLANG_WARN_CONSTANT_CONVERSION = YES;
				CLANG_WARN_DIRECT_OBJC_ISA_USAGE = YES_ERROR;
				CLANG_WARN_DOCUMENTATION_COMMENTS = YES;
				CLANG_WARN_EMPTY_BODY = YES;
				CLANG_WARN_ENUM_CONVERSION = YES;
				CLANG_WARN_INFINITE_RECURSION = YES;
				CLANG_WARN_INT_CONVERSION = YES;
				CLANG_WARN_OBJC_ROOT_CLASS = YES_ERROR;
				CLANG_WARN_SUSPICIOUS_MOVE = YES;
				CLANG_WARN_UNREACHABLE_CODE = YES;
				CLANG_WARN__DUPLICATE_METHOD_MATCH = YES;
				"CODE_SIGN_IDENTITY[sdk=iphoneos*]" = "iPhone Developer";
				COPY_PHASE_STRIP = NO;
				DEBUG_INFORMATION_FORMAT = dwarf;
				ENABLE_STRICT_OBJC_MSGSEND = YES;
				ENABLE_TESTABILITY = YES;
				GCC_C_LANGUAGE_STANDARD = gnu99;
				GCC_DYNAMIC_NO_PIC = NO;
				GCC_NO_COMMON_BLOCKS = YES;
				GCC_OPTIMIZATION_LEVEL = 0;
				GCC_PREPROCESSOR_DEFINITIONS = (
					"DEBUG=1",
					"$(inherited)",
				);
				GCC_WARN_64_TO_32_BIT_CONVERSION = YES;
				GCC_WARN_ABOUT_RETURN_TYPE = YES_ERROR;
				GCC_WARN_UNDECLARED_SELECTOR = YES;
				GCC_WARN_UNINITIALIZED_AUTOS = YES_AGGRESSIVE;
				GCC_WARN_UNUSED_FUNCTION = YES;
				GCC_WARN_UNUSED_VARIABLE = YES;
				IPHONEOS_DEPLOYMENT_TARGET = 10.3;
				MTL_ENABLE_DEBUG_INFO = YES;
				ONLY_ACTIVE_ARCH = YES;
				SDKROOT = iphoneos;
				TARGETED_DEVICE_FAMILY = "1,2";
			};
			name = Debug;
		};
		43AD4F2E1F01928600D5FACC /* Release */ = {
			isa = XCBuildConfiguration;
			buildSettings = {
				ALWAYS_SEARCH_USER_PATHS = NO;
				CLANG_ANALYZER_NONNULL = YES;
				CLANG_ANALYZER_NUMBER_OBJECT_CONVERSION = YES_AGGRESSIVE;
				CLANG_CXX_LANGUAGE_STANDARD = "gnu++0x";
				CLANG_CXX_LIBRARY = "libc++";
				CLANG_ENABLE_MODULES = YES;
				CLANG_ENABLE_OBJC_ARC = YES;
				CLANG_WARN_BOOL_CONVERSION = YES;
				CLANG_WARN_CONSTANT_CONVERSION = YES;
				CLANG_WARN_DIRECT_OBJC_ISA_USAGE = YES_ERROR;
				CLANG_WARN_DOCUMENTATION_COMMENTS = YES;
				CLANG_WARN_EMPTY_BODY = YES;
				CLANG_WARN_ENUM_CONVERSION = YES;
				CLANG_WARN_INFINITE_RECURSION = YES;
				CLANG_WARN_INT_CONVERSION = YES;
				CLANG_WARN_OBJC_ROOT_CLASS = YES_ERROR;
				CLANG_WARN_SUSPICIOUS_MOVE = YES;
				CLANG_WARN_UNREACHABLE_CODE = YES;
				CLANG_WARN__DUPLICATE_METHOD_MATCH = YES;
				"CODE_SIGN_IDENTITY[sdk=iphoneos*]" = "iPhone Developer";
				COPY_PHASE_STRIP = NO;
				DEBUG_INFORMATION_FORMAT = "dwarf-with-dsym";
				ENABLE_NS_ASSERTIONS = NO;
				ENABLE_STRICT_OBJC_MSGSEND = YES;
				GCC_C_LANGUAGE_STANDARD = gnu99;
				GCC_NO_COMMON_BLOCKS = YES;
				GCC_WARN_64_TO_32_BIT_CONVERSION = YES;
				GCC_WARN_ABOUT_RETURN_TYPE = YES_ERROR;
				GCC_WARN_UNDECLARED_SELECTOR = YES;
				GCC_WARN_UNINITIALIZED_AUTOS = YES_AGGRESSIVE;
				GCC_WARN_UNUSED_FUNCTION = YES;
				GCC_WARN_UNUSED_VARIABLE = YES;
				IPHONEOS_DEPLOYMENT_TARGET = 10.3;
				MTL_ENABLE_DEBUG_INFO = NO;
				SDKROOT = iphoneos;
				TARGETED_DEVICE_FAMILY = "1,2";
				VALIDATE_PRODUCT = YES;
			};
			name = Release;
		};
		43AD4F301F01928600D5FACC /* Debug */ = {
			isa = XCBuildConfiguration;
			baseConfigurationReference = 058D672DC9CA9927D7AAEF54 /* Pods-DonationApp.debug.xcconfig */;
			buildSettings = {
				ASSETCATALOG_COMPILER_APPICON_NAME = AppIcon;
				CLANG_ENABLE_MODULES = YES;
				DEVELOPMENT_TEAM = FJL385PM79;
				INFOPLIST_FILE = DonationApp/Info.plist;
				LD_RUNPATH_SEARCH_PATHS = "$(inherited) @executable_path/Frameworks";
				PRODUCT_BUNDLE_IDENTIFIER = com.alexlee.DonationApp;
				PRODUCT_NAME = "$(TARGET_NAME)";
				SWIFT_OPTIMIZATION_LEVEL = "-Onone";
				SWIFT_VERSION = 3.0;
			};
			name = Debug;
		};
		43AD4F311F01928600D5FACC /* Release */ = {
			isa = XCBuildConfiguration;
			baseConfigurationReference = A6C654A78E9F27A48CE9B1FB /* Pods-DonationApp.release.xcconfig */;
			buildSettings = {
				ASSETCATALOG_COMPILER_APPICON_NAME = AppIcon;
				CLANG_ENABLE_MODULES = YES;
				DEVELOPMENT_TEAM = FJL385PM79;
				INFOPLIST_FILE = DonationApp/Info.plist;
				LD_RUNPATH_SEARCH_PATHS = "$(inherited) @executable_path/Frameworks";
				PRODUCT_BUNDLE_IDENTIFIER = com.alexlee.DonationApp;
				PRODUCT_NAME = "$(TARGET_NAME)";
				SWIFT_VERSION = 3.0;
			};
			name = Release;
		};
/* End XCBuildConfiguration section */

/* Begin XCConfigurationList section */
		43AD4F131F01928600D5FACC /* Build configuration list for PBXProject "DonationApp" */ = {
			isa = XCConfigurationList;
			buildConfigurations = (
				43AD4F2D1F01928600D5FACC /* Debug */,
				43AD4F2E1F01928600D5FACC /* Release */,
			);
			defaultConfigurationIsVisible = 0;
			defaultConfigurationName = Release;
		};
		43AD4F2F1F01928600D5FACC /* Build configuration list for PBXNativeTarget "DonationApp" */ = {
			isa = XCConfigurationList;
			buildConfigurations = (
				43AD4F301F01928600D5FACC /* Debug */,
				43AD4F311F01928600D5FACC /* Release */,
			);
			defaultConfigurationIsVisible = 0;
			defaultConfigurationName = Release;
		};
/* End XCConfigurationList section */
	};
	rootObject = 43AD4F101F01928600D5FACC /* Project object */;
}
